
Microsoft Visual Studio Solution File, Format Version 12.00
# Visual Studio Version 17
VisualStudioVersion = 17.3.32929.385
MinimumVisualStudioVersion = 10.0.40219.1
Project("{FAE04EC0-301F-11D3-BF4B-00C04F79EFBC}") = "Harjoitus 17 WPF", "Harjoitus 17 WPF\Harjoitus 17 WPF.csproj", "{C06436E4-63F1-482D-9B27-024167016DBD}"
EndProject
Global
	GlobalSection(SolutionConfigurationPlatforms) = preSolution
		Debug|Any CPU = Debug|Any CPU
		Release|Any CPU = Release|Any CPU
	EndGlobalSection
	GlobalSection(ProjectConfigurationPlatforms) = postSolution
		{C06436E4-63F1-482D-9B27-024167016DBD}.Debug|Any CPU.ActiveCfg = Debug|Any CPU
		{C06436E4-63F1-482D-9B27-024167016DBD}.Debug|Any CPU.Build.0 = Debug|Any CPU
		{C06436E4-63F1-482D-9B27-024167016DBD}.Release|Any CPU.ActiveCfg = Release|Any CPU
		{C06436E4-63F1-482D-9B27-024167016DBD}.Release|Any CPU.Build.0 = Release|Any CPU
	EndGlobalSection
	GlobalSection(SolutionProperties) = preSolution
		HideSolutionNode = FALSE
	EndGlobalSection
	GlobalSection(ExtensibilityGlobals) = postSolution
		SolutionGuid = {63E29DC2-0A98-40F5-8BCF-B7A3B517942C}
	EndGlobalSection
EndGlobal
