
Microsoft Visual Studio Solution File, Format Version 12.00
# Visual Studio Version 17
VisualStudioVersion = 17.3.32929.385
MinimumVisualStudioVersion = 10.0.40219.1
Project("{FAE04EC0-301F-11D3-BF4B-00C04F79EFBC}") = "wpf15", "wpf15\wpf15.csproj", "{7C82AEEA-6614-4DE2-BCEC-EDD2A15FD227}"
EndProject
Global
	GlobalSection(SolutionConfigurationPlatforms) = preSolution
		Debug|Any CPU = Debug|Any CPU
		Release|Any CPU = Release|Any CPU
	EndGlobalSection
	GlobalSection(ProjectConfigurationPlatforms) = postSolution
		{7C82AEEA-6614-4DE2-BCEC-EDD2A15FD227}.Debug|Any CPU.ActiveCfg = Debug|Any CPU
		{7C82AEEA-6614-4DE2-BCEC-EDD2A15FD227}.Debug|Any CPU.Build.0 = Debug|Any CPU
		{7C82AEEA-6614-4DE2-BCEC-EDD2A15FD227}.Release|Any CPU.ActiveCfg = Release|Any CPU
		{7C82AEEA-6614-4DE2-BCEC-EDD2A15FD227}.Release|Any CPU.Build.0 = Release|Any CPU
	EndGlobalSection
	GlobalSection(SolutionProperties) = preSolution
		HideSolutionNode = FALSE
	EndGlobalSection
	GlobalSection(ExtensibilityGlobals) = postSolution
		SolutionGuid = {F6044DB2-7877-48EB-969A-ADA8C2372DCE}
	EndGlobalSection
EndGlobal
