
Microsoft Visual Studio Solution File, Format Version 12.00
# Visual Studio Version 17
VisualStudioVersion = 17.3.32929.385
MinimumVisualStudioVersion = 10.0.40219.1
Project("{FAE04EC0-301F-11D3-BF4B-00C04F79EFBC}") = "laskinOlio", "laskinOlio\laskinOlio.csproj", "{D3669A18-A1BE-48A4-AE63-87B7861B295E}"
EndProject
Global
	GlobalSection(SolutionConfigurationPlatforms) = preSolution
		Debug|Any CPU = Debug|Any CPU
		Release|Any CPU = Release|Any CPU
	EndGlobalSection
	GlobalSection(ProjectConfigurationPlatforms) = postSolution
		{D3669A18-A1BE-48A4-AE63-87B7861B295E}.Debug|Any CPU.ActiveCfg = Debug|Any CPU
		{D3669A18-A1BE-48A4-AE63-87B7861B295E}.Debug|Any CPU.Build.0 = Debug|Any CPU
		{D3669A18-A1BE-48A4-AE63-87B7861B295E}.Release|Any CPU.ActiveCfg = Release|Any CPU
		{D3669A18-A1BE-48A4-AE63-87B7861B295E}.Release|Any CPU.Build.0 = Release|Any CPU
	EndGlobalSection
	GlobalSection(SolutionProperties) = preSolution
		HideSolutionNode = FALSE
	EndGlobalSection
	GlobalSection(ExtensibilityGlobals) = postSolution
		SolutionGuid = {B5A62A74-BEF8-40C4-A30E-384A0DC6F56A}
	EndGlobalSection
EndGlobal
