
Microsoft Visual Studio Solution File, Format Version 12.00
# Visual Studio Version 17
VisualStudioVersion = 17.3.32929.385
MinimumVisualStudioVersion = 10.0.40219.1
Project("{FAE04EC0-301F-11D3-BF4B-00C04F79EFBC}") = "Ajoneuvo", "Ajoneuvo\Ajoneuvo.csproj", "{DBA8AE48-F75F-41BA-B3BD-2670A07DAAE5}"
EndProject
Global
	GlobalSection(SolutionConfigurationPlatforms) = preSolution
		Debug|Any CPU = Debug|Any CPU
		Release|Any CPU = Release|Any CPU
	EndGlobalSection
	GlobalSection(ProjectConfigurationPlatforms) = postSolution
		{DBA8AE48-F75F-41BA-B3BD-2670A07DAAE5}.Debug|Any CPU.ActiveCfg = Debug|Any CPU
		{DBA8AE48-F75F-41BA-B3BD-2670A07DAAE5}.Debug|Any CPU.Build.0 = Debug|Any CPU
		{DBA8AE48-F75F-41BA-B3BD-2670A07DAAE5}.Release|Any CPU.ActiveCfg = Release|Any CPU
		{DBA8AE48-F75F-41BA-B3BD-2670A07DAAE5}.Release|Any CPU.Build.0 = Release|Any CPU
	EndGlobalSection
	GlobalSection(SolutionProperties) = preSolution
		HideSolutionNode = FALSE
	EndGlobalSection
	GlobalSection(ExtensibilityGlobals) = postSolution
		SolutionGuid = {3D6BD8C3-CB80-4E96-A184-9FB3957E80B7}
	EndGlobalSection
EndGlobal
